
Microsoft Visual Studio Solution File, Format Version 12.00
# Visual Studio Version 17
VisualStudioVersion = 17.10.35027.167
MinimumVisualStudioVersion = 10.0.40219.1
Project("{FAE04EC0-301F-11D3-BF4B-00C04F79EFBC}") = "BE (Back-End)", "BE (Back-End).csproj", "{D1418872-B4F3-4EE9-B644-096660D72329}"
EndProject
Global
	GlobalSection(SolutionConfigurationPlatforms) = preSolution
		Debug|Any CPU = Debug|Any CPU
		Release|Any CPU = Release|Any CPU
	EndGlobalSection
	GlobalSection(ProjectConfigurationPlatforms) = postSolution
		{D1418872-B4F3-4EE9-B644-096660D72329}.Debug|Any CPU.ActiveCfg = Debug|Any CPU
		{D1418872-B4F3-4EE9-B644-096660D72329}.Debug|Any CPU.Build.0 = Debug|Any CPU
		{D1418872-B4F3-4EE9-B644-096660D72329}.Release|Any CPU.ActiveCfg = Release|Any CPU
		{D1418872-B4F3-4EE9-B644-096660D72329}.Release|Any CPU.Build.0 = Release|Any CPU
	EndGlobalSection
	GlobalSection(SolutionProperties) = preSolution
		HideSolutionNode = FALSE
	EndGlobalSection
	GlobalSection(ExtensibilityGlobals) = postSolution
		SolutionGuid = {B188DD3C-9110-424E-B003-AFD29330C270}
	EndGlobalSection
EndGlobal
