
Microsoft Visual Studio Solution File, Format Version 12.00
# Visual Studio Version 17
VisualStudioVersion = 17.10.35027.167
MinimumVisualStudioVersion = 10.0.40219.1
Project("{FAE04EC0-301F-11D3-BF4B-00C04F79EFBC}") = "Cukcuk.Api", "Cukcuk.Api.csproj", "{6199F8A4-7481-47D2-9733-E14962C899FE}"
EndProject
Project("{FAE04EC0-301F-11D3-BF4B-00C04F79EFBC}") = "Cukcuk.Core", "..\Cukcuk.Core\Cukcuk.Core.csproj", "{D9FACBF2-DD10-429D-9D2B-BBAE61060737}"
EndProject
Project("{FAE04EC0-301F-11D3-BF4B-00C04F79EFBC}") = "Cukcuk.Infrastructure", "..\Cukcuk.Infrastructure\Cukcuk.Infrastructure.csproj", "{6A67511B-FFE4-4AFA-AD4F-0BE8597E39F6}"
EndProject
Global
	GlobalSection(SolutionConfigurationPlatforms) = preSolution
		Debug|Any CPU = Debug|Any CPU
		Release|Any CPU = Release|Any CPU
	EndGlobalSection
	GlobalSection(ProjectConfigurationPlatforms) = postSolution
		{6199F8A4-7481-47D2-9733-E14962C899FE}.Debug|Any CPU.ActiveCfg = Debug|Any CPU
		{6199F8A4-7481-47D2-9733-E14962C899FE}.Debug|Any CPU.Build.0 = Debug|Any CPU
		{6199F8A4-7481-47D2-9733-E14962C899FE}.Release|Any CPU.ActiveCfg = Release|Any CPU
		{6199F8A4-7481-47D2-9733-E14962C899FE}.Release|Any CPU.Build.0 = Release|Any CPU
		{D9FACBF2-DD10-429D-9D2B-BBAE61060737}.Debug|Any CPU.ActiveCfg = Debug|Any CPU
		{D9FACBF2-DD10-429D-9D2B-BBAE61060737}.Debug|Any CPU.Build.0 = Debug|Any CPU
		{D9FACBF2-DD10-429D-9D2B-BBAE61060737}.Release|Any CPU.ActiveCfg = Release|Any CPU
		{D9FACBF2-DD10-429D-9D2B-BBAE61060737}.Release|Any CPU.Build.0 = Release|Any CPU
		{6A67511B-FFE4-4AFA-AD4F-0BE8597E39F6}.Debug|Any CPU.ActiveCfg = Debug|Any CPU
		{6A67511B-FFE4-4AFA-AD4F-0BE8597E39F6}.Debug|Any CPU.Build.0 = Debug|Any CPU
		{6A67511B-FFE4-4AFA-AD4F-0BE8597E39F6}.Release|Any CPU.ActiveCfg = Release|Any CPU
		{6A67511B-FFE4-4AFA-AD4F-0BE8597E39F6}.Release|Any CPU.Build.0 = Release|Any CPU
	EndGlobalSection
	GlobalSection(SolutionProperties) = preSolution
		HideSolutionNode = FALSE
	EndGlobalSection
	GlobalSection(ExtensibilityGlobals) = postSolution
		SolutionGuid = {C552B4B0-FB3E-4C29-9166-C837D7C338EC}
	EndGlobalSection
EndGlobal
